{
  "pins" : [
    {
      "identity" : "meshgradient",
      "kind" : "remoteSourceControl",
      "location" : "https://github.com/EthanLipnik/MeshGradient.git",
      "state" : {
        "revision" : "e176a9dc45137a2cc93956e6bf80986b484a284e",
        "version" : "1.0.9"
      }
    },
    {
      "identity" : "randomcolorswift",
      "kind" : "remoteSourceControl",
      "location" : "https://github.com/onevcat/RandomColorSwift.git",
      "state" : {
        "revision" : "ab01c6eff99f40c5e23ffcb957eb3971f937f106",
        "version" : "2.0.0"
      }
    }
  ],
  "version" : 2
}
